
Microsoft Visual Studio Solution File, Format Version 12.00
# Visual Studio Version 16
VisualStudioVersion = 16.0.29806.167
MinimumVisualStudioVersion = 10.0.40219.1
Project("{2150E333-8FDC-42A3-9474-1A3956D46DE8}") = "src", "src", "{B82399D8-745E-43F2-8BCB-D11E01FC6C8E}"
EndProject
Project("{9A19103F-16F7-4668-BE54-9A1E7A4F7556}") = "Sii.ActionableMessages.Validator", "src\Sii.ActionableMessages.Validator\Sii.ActionableMessages.Validator.csproj", "{8A41299A-9776-46D7-858D-0DFBC1705EA4}"
EndProject
Project("{9A19103F-16F7-4668-BE54-9A1E7A4F7556}") = "Sii.ActionableMessages.Validator.WebJobs", "src\Sii.ActionableMessages.WebJobs\Sii.ActionableMessages.Validator.WebJobs\Sii.ActionableMessages.Validator.WebJobs.csproj", "{3C1BE10F-1B5B-4195-98E4-AC63DD3A38A9}"
EndProject
Project("{9A19103F-16F7-4668-BE54-9A1E7A4F7556}") = "Sii.ActionableMessages.Validator.FunctionExample", "src\Sii.ActionableMessages.Validator.FunctionExample\Sii.ActionableMessages.Validator.FunctionExample.csproj", "{F348FC9C-2A13-4884-A48D-2AA01F471F1C}"
EndProject
Global
	GlobalSection(SolutionConfigurationPlatforms) = preSolution
		Debug|Any CPU = Debug|Any CPU
		Release|Any CPU = Release|Any CPU
	EndGlobalSection
	GlobalSection(ProjectConfigurationPlatforms) = postSolution
		{8A41299A-9776-46D7-858D-0DFBC1705EA4}.Debug|Any CPU.ActiveCfg = Debug|Any CPU
		{8A41299A-9776-46D7-858D-0DFBC1705EA4}.Debug|Any CPU.Build.0 = Debug|Any CPU
		{8A41299A-9776-46D7-858D-0DFBC1705EA4}.Release|Any CPU.ActiveCfg = Release|Any CPU
		{8A41299A-9776-46D7-858D-0DFBC1705EA4}.Release|Any CPU.Build.0 = Release|Any CPU
		{3C1BE10F-1B5B-4195-98E4-AC63DD3A38A9}.Debug|Any CPU.ActiveCfg = Debug|Any CPU
		{3C1BE10F-1B5B-4195-98E4-AC63DD3A38A9}.Debug|Any CPU.Build.0 = Debug|Any CPU
		{3C1BE10F-1B5B-4195-98E4-AC63DD3A38A9}.Release|Any CPU.ActiveCfg = Release|Any CPU
		{3C1BE10F-1B5B-4195-98E4-AC63DD3A38A9}.Release|Any CPU.Build.0 = Release|Any CPU
		{F348FC9C-2A13-4884-A48D-2AA01F471F1C}.Debug|Any CPU.ActiveCfg = Debug|Any CPU
		{F348FC9C-2A13-4884-A48D-2AA01F471F1C}.Debug|Any CPU.Build.0 = Debug|Any CPU
		{F348FC9C-2A13-4884-A48D-2AA01F471F1C}.Release|Any CPU.ActiveCfg = Release|Any CPU
		{F348FC9C-2A13-4884-A48D-2AA01F471F1C}.Release|Any CPU.Build.0 = Release|Any CPU
	EndGlobalSection
	GlobalSection(SolutionProperties) = preSolution
		HideSolutionNode = FALSE
	EndGlobalSection
	GlobalSection(NestedProjects) = preSolution
		{8A41299A-9776-46D7-858D-0DFBC1705EA4} = {B82399D8-745E-43F2-8BCB-D11E01FC6C8E}
		{3C1BE10F-1B5B-4195-98E4-AC63DD3A38A9} = {B82399D8-745E-43F2-8BCB-D11E01FC6C8E}
		{F348FC9C-2A13-4884-A48D-2AA01F471F1C} = {B82399D8-745E-43F2-8BCB-D11E01FC6C8E}
	EndGlobalSection
	GlobalSection(ExtensibilityGlobals) = postSolution
		SolutionGuid = {61C8941B-23F2-4B9A-A515-B62070569A15}
	EndGlobalSection
EndGlobal
